
Microsoft Visual Studio Solution File, Format Version 12.00
# Visual Studio 15
VisualStudioVersion = 15.0.28307.271
MinimumVisualStudioVersion = 10.0.40219.1
Project("{FAE04EC0-301F-11D3-BF4B-00C04F79EFBC}") = "Keryhe.Polling", "Keryhe.Polling\Keryhe.Polling.csproj", "{22477AD0-D5BF-4FD0-8D6C-B41108C422F7}"
EndProject
Global
	GlobalSection(SolutionConfigurationPlatforms) = preSolution
		Debug|Any CPU = Debug|Any CPU
		Release|Any CPU = Release|Any CPU
	EndGlobalSection
	GlobalSection(ProjectConfigurationPlatforms) = postSolution
		{22477AD0-D5BF-4FD0-8D6C-B41108C422F7}.Debug|Any CPU.ActiveCfg = Debug|Any CPU
		{22477AD0-D5BF-4FD0-8D6C-B41108C422F7}.Debug|Any CPU.Build.0 = Debug|Any CPU
		{22477AD0-D5BF-4FD0-8D6C-B41108C422F7}.Release|Any CPU.ActiveCfg = Release|Any CPU
		{22477AD0-D5BF-4FD0-8D6C-B41108C422F7}.Release|Any CPU.Build.0 = Release|Any CPU
	EndGlobalSection
	GlobalSection(SolutionProperties) = preSolution
		HideSolutionNode = FALSE
	EndGlobalSection
	GlobalSection(ExtensibilityGlobals) = postSolution
		SolutionGuid = {4F3E479E-E031-4CA5-8121-6274A95EF0A3}
	EndGlobalSection
EndGlobal
